
Microsoft Visual Studio Solution File, Format Version 12.00
# Visual Studio Version 17
VisualStudioVersion = 17.8.34330.188
MinimumVisualStudioVersion = 10.0.40219.1
Project("{FAE04EC0-301F-11D3-BF4B-00C04F79EFBC}") = "ex_immutable_nima_zarrabi", "ex_immutable_nima_zarrabi.csproj", "{06E29B68-2E00-41CA-807F-822B74B82A43}"
EndProject
Global
	GlobalSection(SolutionConfigurationPlatforms) = preSolution
		Debug|Any CPU = Debug|Any CPU
		Release|Any CPU = Release|Any CPU
	EndGlobalSection
	GlobalSection(ProjectConfigurationPlatforms) = postSolution
		{06E29B68-2E00-41CA-807F-822B74B82A43}.Debug|Any CPU.ActiveCfg = Debug|Any CPU
		{06E29B68-2E00-41CA-807F-822B74B82A43}.Debug|Any CPU.Build.0 = Debug|Any CPU
		{06E29B68-2E00-41CA-807F-822B74B82A43}.Release|Any CPU.ActiveCfg = Release|Any CPU
		{06E29B68-2E00-41CA-807F-822B74B82A43}.Release|Any CPU.Build.0 = Release|Any CPU
	EndGlobalSection
	GlobalSection(SolutionProperties) = preSolution
		HideSolutionNode = FALSE
	EndGlobalSection
	GlobalSection(ExtensibilityGlobals) = postSolution
		SolutionGuid = {09AF8A09-F369-42DD-A084-CD609EE6A1B1}
	EndGlobalSection
EndGlobal
